
Microsoft Visual Studio Solution File, Format Version 12.00
# Visual Studio Version 17
VisualStudioVersion = 17.6.33723.286
MinimumVisualStudioVersion = 10.0.40219.1
Project("{FAE04EC0-301F-11D3-BF4B-00C04F79EFBC}") = "GestionRecoDuero", "GestionRecoDuero\GestionRecoDuero.csproj", "{B57C2303-52A3-45FE-B182-56BAC6620072}"
EndProject
Global
	GlobalSection(SolutionConfigurationPlatforms) = preSolution
		Debug|Any CPU = Debug|Any CPU
		Release|Any CPU = Release|Any CPU
	EndGlobalSection
	GlobalSection(ProjectConfigurationPlatforms) = postSolution
		{B57C2303-52A3-45FE-B182-56BAC6620072}.Debug|Any CPU.ActiveCfg = Debug|Any CPU
		{B57C2303-52A3-45FE-B182-56BAC6620072}.Debug|Any CPU.Build.0 = Debug|Any CPU
		{B57C2303-52A3-45FE-B182-56BAC6620072}.Release|Any CPU.ActiveCfg = Release|Any CPU
		{B57C2303-52A3-45FE-B182-56BAC6620072}.Release|Any CPU.Build.0 = Release|Any CPU
	EndGlobalSection
	GlobalSection(SolutionProperties) = preSolution
		HideSolutionNode = FALSE
	EndGlobalSection
	GlobalSection(ExtensibilityGlobals) = postSolution
		SolutionGuid = {F094E9CC-1D67-4E70-93C0-CE3D5D88C361}
	EndGlobalSection
EndGlobal
